{
  "originHash" : "e0235a58ed96fb3ab09bc37838be6e8803fa9299ca0caa683626830878f79e9c",
  "pins" : [
    {
      "identity" : "swift-argument-parser",
      "kind" : "remoteSourceControl",
      "location" : "https://github.com/apple/swift-argument-parser",
      "state" : {
        "revision" : "6a52f3251125d74daf04fcbd5e6f08a75d074382",
        "version" : "1.8.2"
      }
    },
    {
      "identity" : "swiftterm",
      "kind" : "remoteSourceControl",
      "location" : "https://github.com/AhmedMElhalaby/SwiftTerm",
      "state" : {
        "revision" : "65b5cc0923f38ff63be50a2ee0e00bef3a0db9d2"
      }
    }
  ],
  "version" : 3
}
